
Microsoft Visual Studio Solution File, Format Version 12.00
# Visual Studio 14
VisualStudioVersion = 14.0.24720.0
MinimumVisualStudioVersion = 10.0.40219.1
Project("{FAE04EC0-301F-11D3-BF4B-00C04F79EFBC}") = "Simple_Packet_Snifffer(NP Project)", "Simple_Packet_Snifffer(NP Project)\Simple_Packet_Snifffer(NP Project).csproj", "{2880BD58-1CEF-4D5B-BBF4-696239B84E97}"
EndProject
Global
	GlobalSection(SolutionConfigurationPlatforms) = preSolution
		Debug|Any CPU = Debug|Any CPU
		Release|Any CPU = Release|Any CPU
	EndGlobalSection
	GlobalSection(ProjectConfigurationPlatforms) = postSolution
		{2880BD58-1CEF-4D5B-BBF4-696239B84E97}.Debug|Any CPU.ActiveCfg = Debug|Any CPU
		{2880BD58-1CEF-4D5B-BBF4-696239B84E97}.Debug|Any CPU.Build.0 = Debug|Any CPU
		{2880BD58-1CEF-4D5B-BBF4-696239B84E97}.Release|Any CPU.ActiveCfg = Release|Any CPU
		{2880BD58-1CEF-4D5B-BBF4-696239B84E97}.Release|Any CPU.Build.0 = Release|Any CPU
	EndGlobalSection
	GlobalSection(SolutionProperties) = preSolution
		HideSolutionNode = FALSE
	EndGlobalSection
EndGlobal
